<?xml version="1.0" encoding="utf-8"?>
<Project ToolsVersion="4.0" xmlns="http://schemas.microsoft.com/developer/msbuild/2003">
  <ItemGroup>
    <Filter Include="Source Files">
      <UniqueIdentifier>{4FC737F1-C7A5-4376-A066-2A32D752A2FF}</UniqueIdentifier>
      <Extensions>cpp;c;cc;cxx;c++;cppm;ixx;def;odl;idl;hpj;bat;asm;asmx</Extensions>
    </Filter>
    <Filter Include="Header Files">
      <UniqueIdentifier>{93995380-89BD-4b04-88EB-625FBE52EBFB}</UniqueIdentifier>
      <Extensions>h;hh;hpp;hxx;h++;hm;inl;inc;ipp;xsd</Extensions>
    </Filter>
    <Filter Include="Resource Files">
      <UniqueIdentifier>{67DA6AB6-F800-4c08-8B7A-83BB121AAD01}</UniqueIdentifier>
      <Extensions>rc;ico;cur;bmp;dlg;rc2;rct;bin;rgs;gif;jpg;jpeg;jpe;resx;tiff;tif;png;wav;mfcribbon-ms</Extensions>
    </Filter>
    <Filter Include="Resource Files\basic">
      <UniqueIdentifier>{90b9e34f-4d14-4879-9661-7b94e1fa0b11}</UniqueIdentifier>
    </Filter>
    <Filter Include="Resource Files\lit">
      <UniqueIdentifier>{25a01676-6a37-4a22-b8e1-d3ef1fdc9744}</UniqueIdentifier>
    </Filter>
    <Filter Include="Resource Files\phong">
      <UniqueIdentifier>{985b25ac-21f8-4b28-8d2e-2250ca122ff2}</UniqueIdentifier>
    </Filter>
    <Filter Include="Resource Files\normal">
      <UniqueIdentifier>{20fdf152-8077-49d3-8be6-caa9cd7d4dcc}</UniqueIdentifier>
    </Filter>
    <Filter Include="Resource Files\unlit">
      <UniqueIdentifier>{53f67e75-3821-4182-91f0-53e59649dbed}</UniqueIdentifier>
    </Filter>
    <Filter Include="Resource Files\fx">
      <UniqueIdentifier>{f96dc5db-4a5e-4f9d-a6ac-59d9658ec8ee}</UniqueIdentifier>
    </Filter>
    <Filter Include="Resource Files\scn">
      <UniqueIdentifier>{020b1f6b-2e2e-468d-9ac1-33da8c7bd679}</UniqueIdentifier>
    </Filter>
  </ItemGroup>
  <ItemGroup>
    <ClCompile Include="Main.cpp">
      <Filter>Source Files</Filter>
    </ClCompile>
  </ItemGroup>
  <ItemGroup>
    <None Include="..\Build\Assets\Materials\box.mtrl">
      <Filter>Resource Files</Filter>
    </None>
    <None Include="..\Build\Assets\Materials\ogre.mtrl">
      <Filter>Resource Files</Filter>
    </None>
    <None Include="..\Build\Assets\Shaders\basic.frag">
      <Filter>Resource Files\basic</Filter>
    </None>
    <None Include="..\Build\Assets\Shaders\basic.prog">
      <Filter>Resource Files\basic</Filter>
    </None>
    <None Include="..\Build\Assets\Scenes\basic.scn">
      <Filter>Resource Files\basic</Filter>
    </None>
    <None Include="..\Build\Assets\Shaders\basic.vert">
      <Filter>Resource Files\basic</Filter>
    </None>
    <None Include="..\Build\Assets\Shaders\basic_phong.vert">
      <Filter>Resource Files\phong</Filter>
    </None>
    <None Include="..\Build\Assets\Shaders\basic_phong.prog">
      <Filter>Resource Files\phong</Filter>
    </None>
    <None Include="..\Build\Assets\Shaders\basic_phong.frag">
      <Filter>Resource Files\phong</Filter>
    </None>
    <None Include="..\Build\Assets\Scenes\basic_phong.scn">
      <Filter>Resource Files\phong</Filter>
    </None>
    <None Include="..\Build\Assets\Materials\muti.mtrl">
      <Filter>Resource Files</Filter>
    </None>
    <None Include="..\Build\Assets\Materials\teapot.mtrl">
      <Filter>Resource Files</Filter>
    </None>
    <None Include="..\Build\Assets\Materials\dragon.mtrl">
      <Filter>Resource Files</Filter>
    </None>
    <None Include="..\Build\Assets\Materials\sun.mtrl">
      <Filter>Resource Files</Filter>
    </None>
    <None Include="..\Build\Assets\Shaders\Lit\texture.frag">
      <Filter>Resource Files\lit</Filter>
    </None>
    <None Include="..\Build\Assets\Shaders\Lit\texture.prog">
      <Filter>Resource Files\lit</Filter>
    </None>
    <None Include="..\Build\Assets\Shaders\Lit\texture.vert">
      <Filter>Resource Files\lit</Filter>
    </None>
    <None Include="..\Build\Assets\Shaders\Lit\texture_normal.frag">
      <Filter>Resource Files\lit</Filter>
    </None>
    <None Include="..\Build\Assets\Shaders\Lit\texture_normal.prog">
      <Filter>Resource Files\lit</Filter>
    </None>
    <None Include="..\Build\Assets\Shaders\Lit\texture_normal.vert">
      <Filter>Resource Files\lit</Filter>
    </None>
    <None Include="..\Build\Assets\Shaders\basic_lit.frag">
      <Filter>Resource Files\normal</Filter>
    </None>
    <None Include="..\Build\Assets\Shaders\basic_lit.prog">
      <Filter>Resource Files\normal</Filter>
    </None>
    <None Include="..\Build\Assets\Scenes\basic_lit.scn">
      <Filter>Resource Files\normal</Filter>
    </None>
    <None Include="..\Build\Assets\Shaders\basic_lit.vert">
      <Filter>Resource Files\normal</Filter>
    </None>
    <None Include="..\Build\Assets\Scenes\texture.scn">
      <Filter>Resource Files\scn</Filter>
    </None>
    <None Include="..\Build\Assets\Shaders\Unlit\color.prog">
      <Filter>Resource Files\unlit</Filter>
    </None>
    <None Include="..\Build\Assets\Shaders\Unlit\color.frag">
      <Filter>Resource Files\unlit</Filter>
    </None>
    <None Include="..\Build\Assets\Shaders\Unlit\texture.frag">
      <Filter>Resource Files\unlit</Filter>
    </None>
    <None Include="..\Build\Assets\Shaders\Unlit\texture.vert">
      <Filter>Resource Files\unlit</Filter>
    </None>
    <None Include="..\Build\Assets\Shaders\Unlit\texture.prog">
      <Filter>Resource Files\unlit</Filter>
    </None>
    <None Include="..\Build\Assets\Shaders\Unlit\color.vert">
      <Filter>Resource Files\unlit</Filter>
    </None>
    <None Include="..\Build\Assets\Shaders\FX\toon.frag">
      <Filter>Resource Files\fx</Filter>
    </None>
    <None Include="..\Build\Assets\Shaders\FX\toon.prog">
      <Filter>Resource Files\fx</Filter>
    </None>
    <None Include="..\Build\Assets\Shaders\FX\toon.vert">
      <Filter>Resource Files\fx</Filter>
    </None>
    <None Include="..\Build\Assets\Scenes\cubemap.scn">
      <Filter>Resource Files\scn</Filter>
    </None>
    <None Include="..\Build\Assets\Materials\skybox.mtrl">
      <Filter>Resource Files</Filter>
    </None>
    <None Include="..\Build\Assets\Shaders\FX\skybox.frag">
      <Filter>Resource Files\fx</Filter>
    </None>
    <None Include="..\Build\Assets\Shaders\FX\skybox.prog">
      <Filter>Resource Files\fx</Filter>
    </None>
    <None Include="..\Build\Assets\Shaders\FX\skybox.vert">
      <Filter>Resource Files\fx</Filter>
    </None>
    <None Include="..\Build\Assets\Shaders\FX\reflection.frag">
      <Filter>Resource Files\fx</Filter>
    </None>
    <None Include="..\Build\Assets\Shaders\FX\reflection.prog">
      <Filter>Resource Files\fx</Filter>
    </None>
    <None Include="..\Build\Assets\Shaders\FX\reflection.vert">
      <Filter>Resource Files\fx</Filter>
    </None>
    <None Include="..\Build\Assets\Materials\reflection.mtrl">
      <Filter>Resource Files</Filter>
    </None>
    <None Include="..\Build\Assets\Shaders\FX\refraction.frag">
      <Filter>Resource Files\fx</Filter>
    </None>
    <None Include="..\Build\Assets\Shaders\FX\refraction.prog">
      <Filter>Resource Files\fx</Filter>
    </None>
    <None Include="..\Build\Assets\Shaders\FX\refraction.vert">
      <Filter>Resource Files\fx</Filter>
    </None>
    <None Include="..\Build\Assets\Materials\refraction.mtrl">
      <Filter>Resource Files</Filter>
    </None>
    <None Include="..\Build\Assets\Materials\trueref.mtrl">
      <Filter>Resource Files</Filter>
    </None>
    <None Include="..\Build\Assets\Shaders\FX\trueref.frag">
      <Filter>Resource Files\fx</Filter>
    </None>
    <None Include="..\Build\Assets\Shaders\FX\trueref.prog">
      <Filter>Resource Files\fx</Filter>
    </None>
    <None Include="..\Build\Assets\Shaders\FX\trueref.vert">
      <Filter>Resource Files\fx</Filter>
    </None>
  </ItemGroup>
</Project>